[metadata]
lock_version = 3
declaration_hash_version = 1
declaration_hash = "sha256:2b3f5fd3e4a0e087f43123a2db6f82cfab0d28b2a4a8ad736e270d6e689d4657"
generated_by = "ocx 0.6.1"
generated_at = "2026-09-15T23:14:25Z"

[[tool]]
name = "git-cliff"
group = "default"
repository = "ocx.sh/git-cliff/git-cliff"

[tool.platforms]
"darwin/amd64" = "sha256:f9052e9ccf49380317d2960d14f009563232d7460ba667bb1e62db1eac108771"
"darwin/arm64" = "sha256:ce77585755761bc961dbbbca48e57f668e43a5bd14e423ae9113060e089cb6d6"
"linux/amd64" = "sha256:5d0c2b652a2201f9b5c6d803a400db7ff28d0b59cb8916ba4cffa7015ce3c6b0"
"linux/arm64" = "sha256:65eec3eda7db0168296dc1bd0d450d899d3e5570fa97a3122dce0ccca800e6f6"
"windows/amd64" = "sha256:e94d7e09c040a25786a792971bf8284c8f8f8886bd78ab794688eaa719f76b26"
"windows/arm64" = "sha256:638241beeb14fea7ccf60a8878a2b37b4a2774b609bbefa2b5ad0053e2693a69"

[[tool]]
name = "go-task"
group = "default"
repository = "ocx.sh/go-task/task"

[tool.platforms]
"darwin/amd64" = "sha256:958d2f88bec42ed62b3ab8e0435bffe5cecdfdad43055c3a8e7ec376564c4886"
"darwin/arm64" = "sha256:5e4da091444fa604c41b9fb44b956fcdcc37a5f94b8a52c8240a8c3b0c1d7597"
"linux/amd64" = "sha256:df420d1c99d7e80ce6366104af4e6b57135e95940763e235c907525c438effee"
"linux/arm64" = "sha256:f5440402699c1f53b2941aa6e26049747c56a10ba730ba9692ffeaea6f429454"
"windows/amd64" = "sha256:ac4b71cb82926c9e282074ab218e75989efe243836c761a2f4974dd31d34d94c"
"windows/arm64" = "sha256:4a29127f29db746ab7c1d3991e4b35caa61c0f6687cc4aa2914c6fbb63a7f527"

[[tool]]
name = "lychee"
group = "default"
repository = "ocx.sh/lychee/lychee"

[tool.platforms]
"darwin/amd64" = "sha256:69d2e005250872a67fc687cb88423baf25a496d5f2017aaacce7337d8dd4ef41"
"darwin/arm64" = "sha256:5fc7b3640f5e5e5404b81baac2aa91acb87e5490a63c2ad79ce94906d4467a6e"
"linux/amd64" = "sha256:fb090cfaa91ba0fcfbe963185add1c72a1a18a4cfcbe560d84bd003ab9ddbb81"
"linux/arm64" = "sha256:9e78ff5b9e52cc69e8b8245e655663a462abc05c47d98c691e71d8ba1caa87fa"
"windows/amd64" = "sha256:b0d8f87626a38fa2c58ff6f69671aa6090f7da791e4c3ae59158960eb809fc65"

[[tool]]
name = "ocx"
group = "default"
repository = "ocx.sh/ocx/cli"

[tool.platforms]
"darwin/amd64" = "sha256:49c5e4691c567d8bf192c1ff89a9d19928555f404e0d3baeb36729f688419dbb"
"darwin/arm64" = "sha256:947286cf851a768dc455d814a21f5d16163ae6be44aeaf589cc0eb7a96da9f93"
"linux/amd64" = "sha256:38325682c914f09d5d69f4f5c7e09db0d7b1b4e98a6cc25f3c58b7c3fb7e4bf0"
"linux/arm64" = "sha256:74def1892c246aeffc274f62db6b7298ad646e0f9dd6f192e7b92c9338c7c661"
"windows/amd64" = "sha256:304786b8d8e9e4020451d1289516a10bc6dde2e4d6e5926c9c748bbecaab8829"
"windows/arm64" = "sha256:fd713165bd0d88783ffe15829c43aca6ff573b752b7fec16a8599bb2cc1d64ef"

[[tool]]
name = "uv"
group = "default"
repository = "ocx.sh/astral-sh/uv"

[tool.platforms]
"darwin/amd64" = "sha256:96be8a479aa92b6c1ff22242a0213267f270d2cebb824c660d84c6de58c9fd34"
"darwin/arm64" = "sha256:9adac37bc50035a72c9bf8e45ab1caee29888b676ab4467c1e74a5aba6419a59"
"linux/amd64" = "sha256:4243b78b56c73de9ceaa7f2f13d9d5366430a0c2733b623dea81d3bd72d76a8c"
"linux/amd64+libc.glibc" = "sha256:6b30972bc7bba2514369bcabb457430e92021e7756dc8a3a040d30ea0549d31d"
"linux/arm64" = "sha256:088d671eaf7f7cb3348eb8f15c2250ec2d74fbe6e773f919129c2ac30480332d"
"linux/arm64+libc.glibc" = "sha256:16ad11c30ab030aee48513592d86b77cbbb8a6158e2af8ce9a79c16f47644e13"
"windows/amd64" = "sha256:91cce11d762b9f69648b055b6a5b738c4a6c6b473d8f616deff9426fd94e88e9"
"windows/arm64" = "sha256:28e66d9187f8a26efa1cb257126ba3448f31b787139ee280cfd34530b8024975"
