[metadata]
lock_version = 3
declaration_hash_version = 1
declaration_hash = "sha256:e80d94311fc62e34caa3913323262d5a4664dfd07e0df1847e1d1d5698d49be5"
generated_by = "ocx 0.6.3"
generated_at = "2026-09-25T17:06:49Z"

[[tool]]
name = "bazel"
group = "default"
repository = "ocx.sh/bazelbuild/bazel"

[tool.platforms]
"darwin/amd64" = "sha256:118679b14e27ae5c8017bf20605fd4a983e6c9dfe3b88b3227cd0257832127ff"
"darwin/arm64" = "sha256:8f47dbc43d89593072a9bcbbe97e45f5e98c8ba2c4bcb78a544072386d85017a"
"linux/amd64+libc.glibc" = "sha256:839e9612c62619516f43861234da603af4475880d95d9575cdc445cb890e63dc"
"linux/arm64+libc.glibc" = "sha256:019a098cc4257c51b949cbc3bb0df66a7cd63721e2809d40328a8d544c884af5"
"windows/amd64" = "sha256:d2e5c396805d0a0e5037f76b03cce191d2518a59f2399efcaeff4673f06fb9a4"

[[tool]]
name = "git-cliff"
group = "default"
repository = "ocx.sh/git-cliff/git-cliff"

[tool.platforms]
"darwin/amd64" = "sha256:f9052e9ccf49380317d2960d14f009563232d7460ba667bb1e62db1eac108771"
"darwin/arm64" = "sha256:ce77585755761bc961dbbbca48e57f668e43a5bd14e423ae9113060e089cb6d6"
"linux/amd64" = "sha256:5d0c2b652a2201f9b5c6d803a400db7ff28d0b59cb8916ba4cffa7015ce3c6b0"
"linux/arm64" = "sha256:65eec3eda7db0168296dc1bd0d450d899d3e5570fa97a3122dce0ccca800e6f6"
"windows/amd64" = "sha256:e94d7e09c040a25786a792971bf8284c8f8f8886bd78ab794688eaa719f76b26"
"windows/arm64" = "sha256:638241beeb14fea7ccf60a8878a2b37b4a2774b609bbefa2b5ad0053e2693a69"

[[tool]]
name = "go-task"
group = "default"
repository = "ocx.sh/go-task/task"

[tool.platforms]
"darwin/amd64" = "sha256:958d2f88bec42ed62b3ab8e0435bffe5cecdfdad43055c3a8e7ec376564c4886"
"darwin/arm64" = "sha256:5e4da091444fa604c41b9fb44b956fcdcc37a5f94b8a52c8240a8c3b0c1d7597"
"linux/amd64" = "sha256:df420d1c99d7e80ce6366104af4e6b57135e95940763e235c907525c438effee"
"linux/arm64" = "sha256:f5440402699c1f53b2941aa6e26049747c56a10ba730ba9692ffeaea6f429454"
"windows/amd64" = "sha256:ac4b71cb82926c9e282074ab218e75989efe243836c761a2f4974dd31d34d94c"
"windows/arm64" = "sha256:4a29127f29db746ab7c1d3991e4b35caa61c0f6687cc4aa2914c6fbb63a7f527"

[[tool]]
name = "lychee"
group = "default"
repository = "ocx.sh/lychee/lychee"

[tool.platforms]
"darwin/amd64" = "sha256:69d2e005250872a67fc687cb88423baf25a496d5f2017aaacce7337d8dd4ef41"
"darwin/arm64" = "sha256:5fc7b3640f5e5e5404b81baac2aa91acb87e5490a63c2ad79ce94906d4467a6e"
"linux/amd64" = "sha256:fb090cfaa91ba0fcfbe963185add1c72a1a18a4cfcbe560d84bd003ab9ddbb81"
"linux/arm64" = "sha256:9e78ff5b9e52cc69e8b8245e655663a462abc05c47d98c691e71d8ba1caa87fa"
"windows/amd64" = "sha256:b0d8f87626a38fa2c58ff6f69671aa6090f7da791e4c3ae59158960eb809fc65"

[[tool]]
name = "ocx"
group = "default"
repository = "ocx.sh/ocx/cli"

[tool.platforms]
"darwin/amd64" = "sha256:659c70e9dfb086e81bc0ad365bf8344373850542a8c49c7b1253cd77e7745731"
"darwin/arm64" = "sha256:0752c6ed569d9cc7ea370b00ab15dfa1d4027be6eca8418dd2c2110d6e27735c"
"linux/amd64" = "sha256:f2d377de5ee7368fcb25998fa84270afb00decfe09add72642f2b42825e95ff2"
"linux/arm64" = "sha256:1bce80b32c5e253269fe1ffcd0de2bc1cf2a33cd840808e0f8ef5ca85f4624d4"
"windows/amd64" = "sha256:8e600eadbb6a552e5ad4e861868c20dd121e5208e4877426f343fe3e19933aef"
"windows/arm64" = "sha256:3d5d0e8c62839c770ccc43b00055bc3cc14033390b85649e1a73bf220f18b2d7"

[[tool]]
name = "uv"
group = "default"
repository = "ocx.sh/astral-sh/uv"

[tool.platforms]
"darwin/amd64" = "sha256:96be8a479aa92b6c1ff22242a0213267f270d2cebb824c660d84c6de58c9fd34"
"darwin/arm64" = "sha256:9adac37bc50035a72c9bf8e45ab1caee29888b676ab4467c1e74a5aba6419a59"
"linux/amd64" = "sha256:4243b78b56c73de9ceaa7f2f13d9d5366430a0c2733b623dea81d3bd72d76a8c"
"linux/amd64+libc.glibc" = "sha256:6b30972bc7bba2514369bcabb457430e92021e7756dc8a3a040d30ea0549d31d"
"linux/arm64" = "sha256:088d671eaf7f7cb3348eb8f15c2250ec2d74fbe6e773f919129c2ac30480332d"
"linux/arm64+libc.glibc" = "sha256:16ad11c30ab030aee48513592d86b77cbbb8a6158e2af8ce9a79c16f47644e13"
"windows/amd64" = "sha256:91cce11d762b9f69648b055b6a5b738c4a6c6b473d8f616deff9426fd94e88e9"
"windows/arm64" = "sha256:28e66d9187f8a26efa1cb257126ba3448f31b787139ee280cfd34530b8024975"
